
Microsoft Visual Studio Solution File, Format Version 12.00
# Visual Studio Version 17
VisualStudioVersion = 17.8.34322.80
MinimumVisualStudioVersion = 10.0.40219.1
Project("{FAE04EC0-301F-11D3-BF4B-00C04F79EFBC}") = "WebFM_Style", "WebFM_Style\WebFM_Style.csproj", "{3C14A131-BAB8-47B4-85FD-0AED03FA8902}"
EndProject
Global
	GlobalSection(SolutionConfigurationPlatforms) = preSolution
		Debug|Any CPU = Debug|Any CPU
		Release|Any CPU = Release|Any CPU
	EndGlobalSection
	GlobalSection(ProjectConfigurationPlatforms) = postSolution
		{3C14A131-BAB8-47B4-85FD-0AED03FA8902}.Debug|Any CPU.ActiveCfg = Debug|Any CPU
		{3C14A131-BAB8-47B4-85FD-0AED03FA8902}.Debug|Any CPU.Build.0 = Debug|Any CPU
		{3C14A131-BAB8-47B4-85FD-0AED03FA8902}.Release|Any CPU.ActiveCfg = Release|Any CPU
		{3C14A131-BAB8-47B4-85FD-0AED03FA8902}.Release|Any CPU.Build.0 = Release|Any CPU
	EndGlobalSection
	GlobalSection(SolutionProperties) = preSolution
		HideSolutionNode = FALSE
	EndGlobalSection
	GlobalSection(ExtensibilityGlobals) = postSolution
		SolutionGuid = {0B2C72CF-66D3-498E-9363-8E37190AEC38}
	EndGlobalSection
EndGlobal
